
Microsoft Visual Studio Solution File, Format Version 12.00
# Visual Studio Version 16
VisualStudioVersion = 16.0.30621.155
MinimumVisualStudioVersion = 10.0.40219.1
Project("{FAE04EC0-301F-11D3-BF4B-00C04F79EFBC}") = "XLIFextract", "XLIFextract.csproj", "{0AAEB7FD-3EE3-426E-AA48-58250B1C3E33}"
EndProject
Global
	GlobalSection(SolutionConfigurationPlatforms) = preSolution
		Debug|Any CPU = Debug|Any CPU
		Release|Any CPU = Release|Any CPU
	EndGlobalSection
	GlobalSection(ProjectConfigurationPlatforms) = postSolution
		{0AAEB7FD-3EE3-426E-AA48-58250B1C3E33}.Debug|Any CPU.ActiveCfg = Debug|Any CPU
		{0AAEB7FD-3EE3-426E-AA48-58250B1C3E33}.Debug|Any CPU.Build.0 = Debug|Any CPU
		{0AAEB7FD-3EE3-426E-AA48-58250B1C3E33}.Release|Any CPU.ActiveCfg = Release|Any CPU
		{0AAEB7FD-3EE3-426E-AA48-58250B1C3E33}.Release|Any CPU.Build.0 = Release|Any CPU
	EndGlobalSection
	GlobalSection(SolutionProperties) = preSolution
		HideSolutionNode = FALSE
	EndGlobalSection
	GlobalSection(ExtensibilityGlobals) = postSolution
		SolutionGuid = {FFD9A42E-9780-4E0D-968E-102F90AF429D}
	EndGlobalSection
EndGlobal
